{
  "name": "2024",
  "lockfileVersion": 3,
  "requires": true,
  "packages": {
    "": {
      "dependencies": {
        "@radically-straightforward/utilities": "^2.0.7"
      }
    },
    "node_modules/@radically-straightforward/utilities": {
      "version": "2.0.7",
      "resolved": "https://registry.npmjs.org/@radically-straightforward/utilities/-/utilities-2.0.7.tgz",
      "integrity": "sha512-USW0hmyxo8qDfi5SYOYPLyY913bHOOKmChzAEilyRLaCqMJNJ7bF8oBBNuxWk4gms+4j9cYyV5wAAuXtbWqdEg==",
      "funding": [
        "https://patreon.com/leafac",
        "https://github.com/sponsors/leafac",
        "https://paypal.me/LeandroFacchinettiEU",
        "https://btc.com/34KJBgtaFYMtDqpSgMayw9qiKWg2GQXA9M"
      ],
      "license": "MIT"
    }
  }
}
