{
  "name": "2015",
  "lockfileVersion": 3,
  "requires": true,
  "packages": {
    "": {
      "dependencies": {
        "@radically-straightforward/utilities": "^1.0.1"
      }
    },
    "node_modules/@radically-straightforward/utilities": {
      "version": "1.0.1",
      "resolved": "https://registry.npmjs.org/@radically-straightforward/utilities/-/utilities-1.0.1.tgz",
      "integrity": "sha512-N71sT4ztWlFeI0piTyFmG5D+bNX91TnGA10hGJzGWJU5HYBMXzKfThReEq4hhBbVStOCmdwGPnzdvh0OL765wQ==",
      "funding": [
        "https://patreon.com/leafac",
        "https://github.com/sponsors/leafac",
        "https://paypal.me/LeandroFacchinettiEU",
        "https://btc.com/34KJBgtaFYMtDqpSgMayw9qiKWg2GQXA9M"
      ]
    }
  }
}
